// !$*UTF8*$!
{
	archiveVersion = 1;
	classes = {
	};
	objectVersion = 50;
	objects = {

/* Begin PBXBuildFile section */
		813C0B72268E452E002D50E1 /* LandmarksApp.swift in Sources */ = {isa = PBXBuildFile; fileRef = 813C0B71268E452E002D50E1 /* LandmarksApp.swift */; };
		813C0B74268E452E002D50E1 /* ContentView.swift in Sources */ = {isa = PBXBuildFile; fileRef = 813C0B73268E452E002D50E1 /* ContentView.swift */; };
		813C0B76268E4533002D50E1 /* Assets.xcassets in Resources */ = {isa = PBXBuildFile; fileRef = 813C0B75268E4533002D50E1 /* Assets.xcassets */; };
		813C0B79268E4534002D50E1 /* Preview Assets.xcassets in Resources */ = {isa = PBXBuildFile; fileRef = 813C0B78268E4534002D50E1 /* Preview Assets.xcassets */; };
		813C0B81268E4D08002D50E1 /* CircleImage.swift in Sources */ = {isa = PBXBuildFile; fileRef = 813C0B80268E4D08002D50E1 /* CircleImage.swift */; };
		813C0B83268E4F5D002D50E1 /* MapView.swift in Sources */ = {isa = PBXBuildFile; fileRef = 813C0B82268E4F5D002D50E1 /* MapView.swift */; };
		813C0B85268E8775002D50E1 /* landmarkData.json in Resources */ = {isa = PBXBuildFile; fileRef = 813C0B84268E8775002D50E1 /* landmarkData.json */; };
		813C0B87268E87B2002D50E1 /* Landmark.swift in Sources */ = {isa = PBXBuildFile; fileRef = 813C0B86268E87B2002D50E1 /* Landmark.swift */; };
		813C0B89268E89D6002D50E1 /* ModelData.swift in Sources */ = {isa = PBXBuildFile; fileRef = 813C0B88268E89D6002D50E1 /* ModelData.swift */; };
		813C0B8E268E9B27002D50E1 /* LandmarkRow.swift in Sources */ = {isa = PBXBuildFile; fileRef = 813C0B8D268E9B27002D50E1 /* LandmarkRow.swift */; };
		813C0B90268E9D8A002D50E1 /* LandmarksList.swift in Sources */ = {isa = PBXBuildFile; fileRef = 813C0B8F268E9D8A002D50E1 /* LandmarksList.swift */; };
		813C0B92268E9F0F002D50E1 /* LandmarkDetail.swift in Sources */ = {isa = PBXBuildFile; fileRef = 813C0B91268E9F0F002D50E1 /* LandmarkDetail.swift */; };
		815683B526A8BB48008DC0F6 /* PageControl.swift in Sources */ = {isa = PBXBuildFile; fileRef = 815683B426A8BB48008DC0F6 /* PageControl.swift */; };
		815683BB26A8CF06008DC0F6 /* Assets.xcassets in Resources */ = {isa = PBXBuildFile; fileRef = 815683BA26A8CF06008DC0F6 /* Assets.xcassets */; };
		815683C226A8CF06008DC0F6 /* WatchLandmarks Extension.appex in Embed App Extensions */ = {isa = PBXBuildFile; fileRef = 815683C126A8CF06008DC0F6 /* WatchLandmarks Extension.appex */; settings = {ATTRIBUTES = (RemoveHeadersOnCopy, ); }; };
		815683C726A8CF06008DC0F6 /* LandmarksApp.swift in Sources */ = {isa = PBXBuildFile; fileRef = 815683C626A8CF06008DC0F6 /* LandmarksApp.swift */; };
		815683C926A8CF06008DC0F6 /* ContentView.swift in Sources */ = {isa = PBXBuildFile; fileRef = 815683C826A8CF06008DC0F6 /* ContentView.swift */; };
		815683CB26A8CF06008DC0F6 /* NotificationController.swift in Sources */ = {isa = PBXBuildFile; fileRef = 815683CA26A8CF06008DC0F6 /* NotificationController.swift */; };
		815683CD26A8CF06008DC0F6 /* NotificationView.swift in Sources */ = {isa = PBXBuildFile; fileRef = 815683CC26A8CF06008DC0F6 /* NotificationView.swift */; };
		815683CF26A8CF06008DC0F6 /* ComplicationController.swift in Sources */ = {isa = PBXBuildFile; fileRef = 815683CE26A8CF06008DC0F6 /* ComplicationController.swift */; };
		815683D126A8CF07008DC0F6 /* Assets.xcassets in Resources */ = {isa = PBXBuildFile; fileRef = 815683D026A8CF07008DC0F6 /* Assets.xcassets */; };
		815683D426A8CF07008DC0F6 /* Preview Assets.xcassets in Resources */ = {isa = PBXBuildFile; fileRef = 815683D326A8CF07008DC0F6 /* Preview Assets.xcassets */; };
		815683D926A8CF07008DC0F6 /* WatchLandmarks.app in Embed Watch Content */ = {isa = PBXBuildFile; fileRef = 815683B826A8CF03008DC0F6 /* WatchLandmarks.app */; settings = {ATTRIBUTES = (RemoveHeadersOnCopy, ); }; };
		81CBBF52269785420007992E /* FavoriteButton.swift in Sources */ = {isa = PBXBuildFile; fileRef = 81CBBF51269785420007992E /* FavoriteButton.swift */; };
		81CBBF562697D1D20007992E /* HexagonParameters.swift in Sources */ = {isa = PBXBuildFile; fileRef = 81CBBF552697D1D20007992E /* HexagonParameters.swift */; };
		81CBBF582697D3AA0007992E /* BadgeBackground.swift in Sources */ = {isa = PBXBuildFile; fileRef = 81CBBF572697D3AA0007992E /* BadgeBackground.swift */; };
		81CBBF5A2697DAF80007992E /* BadgeSymbol.swift in Sources */ = {isa = PBXBuildFile; fileRef = 81CBBF592697DAF80007992E /* BadgeSymbol.swift */; };
		81CBBF5C26A5FC370007992E /* RotatedBadgeSymbol.swift in Sources */ = {isa = PBXBuildFile; fileRef = 81CBBF5B26A5FC370007992E /* RotatedBadgeSymbol.swift */; };
		81CBBF5E26A5FDF70007992E /* Badge.swift in Sources */ = {isa = PBXBuildFile; fileRef = 81CBBF5D26A5FDF70007992E /* Badge.swift */; };
		81CBBF6126A607B70007992E /* hikeData.json in Resources */ = {isa = PBXBuildFile; fileRef = 81CBBF6026A607B70007992E /* hikeData.json */; };
		81CBBF6326A607E50007992E /* Hike.swift in Sources */ = {isa = PBXBuildFile; fileRef = 81CBBF6226A607E50007992E /* Hike.swift */; };
		81CBBF6926A60A2E0007992E /* GraphCapsule.swift in Sources */ = {isa = PBXBuildFile; fileRef = 81CBBF6526A60A2E0007992E /* GraphCapsule.swift */; };
		81CBBF6A26A60A2E0007992E /* HikeGraph.swift in Sources */ = {isa = PBXBuildFile; fileRef = 81CBBF6626A60A2E0007992E /* HikeGraph.swift */; };
		81CBBF6B26A60A2E0007992E /* HikeDetail.swift in Sources */ = {isa = PBXBuildFile; fileRef = 81CBBF6726A60A2E0007992E /* HikeDetail.swift */; };
		81CBBF6C26A60A2E0007992E /* HikeView.swift in Sources */ = {isa = PBXBuildFile; fileRef = 81CBBF6826A60A2E0007992E /* HikeView.swift */; };
		81CBBF6F26A62F6B0007992E /* CategoryHome.swift in Sources */ = {isa = PBXBuildFile; fileRef = 81CBBF6E26A62F6B0007992E /* CategoryHome.swift */; };
		81CBBF7126A6354D0007992E /* CategoryRow.swift in Sources */ = {isa = PBXBuildFile; fileRef = 81CBBF7026A6354D0007992E /* CategoryRow.swift */; };
		81CBBF7326A637500007992E /* CategoryItem.swift in Sources */ = {isa = PBXBuildFile; fileRef = 81CBBF7226A637500007992E /* CategoryItem.swift */; };
		81CBBF7526A645B30007992E /* Profile.swift in Sources */ = {isa = PBXBuildFile; fileRef = 81CBBF7426A645B30007992E /* Profile.swift */; };
		81CBBF7826A646A10007992E /* ProfileHost.swift in Sources */ = {isa = PBXBuildFile; fileRef = 81CBBF7726A646A10007992E /* ProfileHost.swift */; };
		81CBBF7B26A6477C0007992E /* ProfileSummary.swift in Sources */ = {isa = PBXBuildFile; fileRef = 81CBBF7A26A6477C0007992E /* ProfileSummary.swift */; };
		81CBBF7F26A649300007992E /* HikeBadge.swift in Sources */ = {isa = PBXBuildFile; fileRef = 81CBBF7E26A649300007992E /* HikeBadge.swift */; };
		81D8181B26A76C6900C53938 /* ProfileEditor.swift in Sources */ = {isa = PBXBuildFile; fileRef = 81D8181A26A76C6800C53938 /* ProfileEditor.swift */; };
		81D8181E26A7835300C53938 /* PageViewController.swift in Sources */ = {isa = PBXBuildFile; fileRef = 81D8181D26A7835100C53938 /* PageViewController.swift */; };
		81D8182226A786DA00C53938 /* FeatureCard.swift in Sources */ = {isa = PBXBuildFile; fileRef = 81D8182126A786DA00C53938 /* FeatureCard.swift */; };
		81D8182426A7899200C53938 /* PageView.swift in Sources */ = {isa = PBXBuildFile; fileRef = 81D8182326A7899200C53938 /* PageView.swift */; };
/* End PBXBuildFile section */

/* Begin PBXContainerItemProxy section */
		815683C326A8CF06008DC0F6 /* PBXContainerItemProxy */ = {
			isa = PBXContainerItemProxy;
			containerPortal = 813C0B66268E452E002D50E1 /* Project object */;
			proxyType = 1;
			remoteGlobalIDString = 815683C026A8CF06008DC0F6;
			remoteInfo = "WatchLandmarks Extension";
		};
		815683D726A8CF07008DC0F6 /* PBXContainerItemProxy */ = {
			isa = PBXContainerItemProxy;
			containerPortal = 813C0B66268E452E002D50E1 /* Project object */;
			proxyType = 1;
			remoteGlobalIDString = 815683B726A8CF03008DC0F6;
			remoteInfo = WatchLandmarks;
		};
/* End PBXContainerItemProxy section */

/* Begin PBXCopyFilesBuildPhase section */
		815683DD26A8CF07008DC0F6 /* Embed App Extensions */ = {
			isa = PBXCopyFilesBuildPhase;
			buildActionMask = 2147483647;
			dstPath = "";
			dstSubfolderSpec = 13;
			files = (
				815683C226A8CF06008DC0F6 /* WatchLandmarks Extension.appex in Embed App Extensions */,
			);
			name = "Embed App Extensions";
			runOnlyForDeploymentPostprocessing = 0;
		};
		815683E126A8CF07008DC0F6 /* Embed Watch Content */ = {
			isa = PBXCopyFilesBuildPhase;
			buildActionMask = 2147483647;
			dstPath = "$(CONTENTS_FOLDER_PATH)/Watch";
			dstSubfolderSpec = 16;
			files = (
				815683D926A8CF07008DC0F6 /* WatchLandmarks.app in Embed Watch Content */,
			);
			name = "Embed Watch Content";
			runOnlyForDeploymentPostprocessing = 0;
		};
/* End PBXCopyFilesBuildPhase section */

/* Begin PBXFileReference section */
		813C0B6E268E452E002D50E1 /* Landmarks.app */ = {isa = PBXFileReference; explicitFileType = wrapper.application; includeInIndex = 0; path = Landmarks.app; sourceTree = BUILT_PRODUCTS_DIR; };
		813C0B71268E452E002D50E1 /* LandmarksApp.swift */ = {isa = PBXFileReference; lastKnownFileType = sourcecode.swift; path = LandmarksApp.swift; sourceTree = "<group>"; };
		813C0B73268E452E002D50E1 /* ContentView.swift */ = {isa = PBXFileReference; lastKnownFileType = sourcecode.swift; path = ContentView.swift; sourceTree = "<group>"; };
		813C0B75268E4533002D50E1 /* Assets.xcassets */ = {isa = PBXFileReference; lastKnownFileType = folder.assetcatalog; path = Assets.xcassets; sourceTree = "<group>"; };
		813C0B78268E4534002D50E1 /* Preview Assets.xcassets */ = {isa = PBXFileReference; lastKnownFileType = folder.assetcatalog; path = "Preview Assets.xcassets"; sourceTree = "<group>"; };
		813C0B7A268E4534002D50E1 /* Info.plist */ = {isa = PBXFileReference; lastKnownFileType = text.plist.xml; path = Info.plist; sourceTree = "<group>"; };
		813C0B80268E4D08002D50E1 /* CircleImage.swift */ = {isa = PBXFileReference; lastKnownFileType = sourcecode.swift; path = CircleImage.swift; sourceTree = "<group>"; };
		813C0B82268E4F5D002D50E1 /* MapView.swift */ = {isa = PBXFileReference; lastKnownFileType = sourcecode.swift; path = MapView.swift; sourceTree = "<group>"; };
		813C0B84268E8775002D50E1 /* landmarkData.json */ = {isa = PBXFileReference; fileEncoding = 4; lastKnownFileType = text.json; path = landmarkData.json; sourceTree = "<group>"; };
		813C0B86268E87B2002D50E1 /* Landmark.swift */ = {isa = PBXFileReference; lastKnownFileType = sourcecode.swift; path = Landmark.swift; sourceTree = "<group>"; };
		813C0B88268E89D6002D50E1 /* ModelData.swift */ = {isa = PBXFileReference; lastKnownFileType = sourcecode.swift; path = ModelData.swift; sourceTree = "<group>"; };
		813C0B8D268E9B27002D50E1 /* LandmarkRow.swift */ = {isa = PBXFileReference; lastKnownFileType = sourcecode.swift; path = LandmarkRow.swift; sourceTree = "<group>"; };
		813C0B8F268E9D8A002D50E1 /* LandmarksList.swift */ = {isa = PBXFileReference; lastKnownFileType = sourcecode.swift; path = LandmarksList.swift; sourceTree = "<group>"; };
		813C0B91268E9F0F002D50E1 /* LandmarkDetail.swift */ = {isa = PBXFileReference; lastKnownFileType = sourcecode.swift; path = LandmarkDetail.swift; sourceTree = "<group>"; };
		815683B426A8BB48008DC0F6 /* PageControl.swift */ = {isa = PBXFileReference; lastKnownFileType = sourcecode.swift; path = PageControl.swift; sourceTree = "<group>"; };
		815683B826A8CF03008DC0F6 /* WatchLandmarks.app */ = {isa = PBXFileReference; explicitFileType = wrapper.application; includeInIndex = 0; path = WatchLandmarks.app; sourceTree = BUILT_PRODUCTS_DIR; };
		815683BA26A8CF06008DC0F6 /* Assets.xcassets */ = {isa = PBXFileReference; lastKnownFileType = folder.assetcatalog; path = Assets.xcassets; sourceTree = "<group>"; };
		815683BC26A8CF06008DC0F6 /* Info.plist */ = {isa = PBXFileReference; lastKnownFileType = text.plist.xml; path = Info.plist; sourceTree = "<group>"; };
		815683C126A8CF06008DC0F6 /* WatchLandmarks Extension.appex */ = {isa = PBXFileReference; explicitFileType = "wrapper.app-extension"; includeInIndex = 0; path = "WatchLandmarks Extension.appex"; sourceTree = BUILT_PRODUCTS_DIR; };
		815683C626A8CF06008DC0F6 /* LandmarksApp.swift */ = {isa = PBXFileReference; lastKnownFileType = sourcecode.swift; path = LandmarksApp.swift; sourceTree = "<group>"; };
		815683C826A8CF06008DC0F6 /* ContentView.swift */ = {isa = PBXFileReference; lastKnownFileType = sourcecode.swift; path = ContentView.swift; sourceTree = "<group>"; };
		815683CA26A8CF06008DC0F6 /* NotificationController.swift */ = {isa = PBXFileReference; lastKnownFileType = sourcecode.swift; path = NotificationController.swift; sourceTree = "<group>"; };
		815683CC26A8CF06008DC0F6 /* NotificationView.swift */ = {isa = PBXFileReference; lastKnownFileType = sourcecode.swift; path = NotificationView.swift; sourceTree = "<group>"; };
		815683CE26A8CF06008DC0F6 /* ComplicationController.swift */ = {isa = PBXFileReference; lastKnownFileType = sourcecode.swift; path = ComplicationController.swift; sourceTree = "<group>"; };
		815683D026A8CF07008DC0F6 /* Assets.xcassets */ = {isa = PBXFileReference; lastKnownFileType = folder.assetcatalog; path = Assets.xcassets; sourceTree = "<group>"; };
		815683D326A8CF07008DC0F6 /* Preview Assets.xcassets */ = {isa = PBXFileReference; lastKnownFileType = folder.assetcatalog; path = "Preview Assets.xcassets"; sourceTree = "<group>"; };
		815683D526A8CF07008DC0F6 /* Info.plist */ = {isa = PBXFileReference; lastKnownFileType = text.plist.xml; path = Info.plist; sourceTree = "<group>"; };
		815683D626A8CF07008DC0F6 /* PushNotificationPayload.apns */ = {isa = PBXFileReference; lastKnownFileType = text; path = PushNotificationPayload.apns; sourceTree = "<group>"; };
		81CBBF51269785420007992E /* FavoriteButton.swift */ = {isa = PBXFileReference; lastKnownFileType = sourcecode.swift; path = FavoriteButton.swift; sourceTree = "<group>"; };
		81CBBF552697D1D20007992E /* HexagonParameters.swift */ = {isa = PBXFileReference; lastKnownFileType = sourcecode.swift; path = HexagonParameters.swift; sourceTree = "<group>"; };
		81CBBF572697D3AA0007992E /* BadgeBackground.swift */ = {isa = PBXFileReference; lastKnownFileType = sourcecode.swift; path = BadgeBackground.swift; sourceTree = "<group>"; };
		81CBBF592697DAF80007992E /* BadgeSymbol.swift */ = {isa = PBXFileReference; lastKnownFileType = sourcecode.swift; path = BadgeSymbol.swift; sourceTree = "<group>"; };
		81CBBF5B26A5FC370007992E /* RotatedBadgeSymbol.swift */ = {isa = PBXFileReference; lastKnownFileType = sourcecode.swift; path = RotatedBadgeSymbol.swift; sourceTree = "<group>"; };
		81CBBF5D26A5FDF70007992E /* Badge.swift */ = {isa = PBXFileReference; lastKnownFileType = sourcecode.swift; path = Badge.swift; sourceTree = "<group>"; };
		81CBBF6026A607B70007992E /* hikeData.json */ = {isa = PBXFileReference; fileEncoding = 4; lastKnownFileType = text.json; path = hikeData.json; sourceTree = "<group>"; };
		81CBBF6226A607E50007992E /* Hike.swift */ = {isa = PBXFileReference; lastKnownFileType = sourcecode.swift; path = Hike.swift; sourceTree = "<group>"; };
		81CBBF6526A60A2E0007992E /* GraphCapsule.swift */ = {isa = PBXFileReference; fileEncoding = 4; lastKnownFileType = sourcecode.swift; path = GraphCapsule.swift; sourceTree = "<group>"; };
		81CBBF6626A60A2E0007992E /* HikeGraph.swift */ = {isa = PBXFileReference; fileEncoding = 4; lastKnownFileType = sourcecode.swift; path = HikeGraph.swift; sourceTree = "<group>"; };
		81CBBF6726A60A2E0007992E /* HikeDetail.swift */ = {isa = PBXFileReference; fileEncoding = 4; lastKnownFileType = sourcecode.swift; path = HikeDetail.swift; sourceTree = "<group>"; };
		81CBBF6826A60A2E0007992E /* HikeView.swift */ = {isa = PBXFileReference; fileEncoding = 4; lastKnownFileType = sourcecode.swift; path = HikeView.swift; sourceTree = "<group>"; };
		81CBBF6E26A62F6B0007992E /* CategoryHome.swift */ = {isa = PBXFileReference; lastKnownFileType = sourcecode.swift; path = CategoryHome.swift; sourceTree = "<group>"; };
		81CBBF7026A6354D0007992E /* CategoryRow.swift */ = {isa = PBXFileReference; lastKnownFileType = sourcecode.swift; path = CategoryRow.swift; sourceTree = "<group>"; };
		81CBBF7226A637500007992E /* CategoryItem.swift */ = {isa = PBXFileReference; lastKnownFileType = sourcecode.swift; path = CategoryItem.swift; sourceTree = "<group>"; };
		81CBBF7426A645B30007992E /* Profile.swift */ = {isa = PBXFileReference; lastKnownFileType = sourcecode.swift; path = Profile.swift; sourceTree = "<group>"; };
		81CBBF7726A646A10007992E /* ProfileHost.swift */ = {isa = PBXFileReference; lastKnownFileType = sourcecode.swift; path = ProfileHost.swift; sourceTree = "<group>"; };
		81CBBF7A26A6477C0007992E /* ProfileSummary.swift */ = {isa = PBXFileReference; lastKnownFileType = sourcecode.swift; path = ProfileSummary.swift; sourceTree = "<group>"; };
		81CBBF7E26A649300007992E /* HikeBadge.swift */ = {isa = PBXFileReference; lastKnownFileType = sourcecode.swift; path = HikeBadge.swift; sourceTree = "<group>"; };
		81D8181A26A76C6800C53938 /* ProfileEditor.swift */ = {isa = PBXFileReference; lastKnownFileType = sourcecode.swift; path = ProfileEditor.swift; sourceTree = "<group>"; };
		81D8181D26A7835100C53938 /* PageViewController.swift */ = {isa = PBXFileReference; lastKnownFileType = sourcecode.swift; path = PageViewController.swift; sourceTree = "<group>"; };
		81D8182126A786DA00C53938 /* FeatureCard.swift */ = {isa = PBXFileReference; lastKnownFileType = sourcecode.swift; path = FeatureCard.swift; sourceTree = "<group>"; };
		81D8182326A7899200C53938 /* PageView.swift */ = {isa = PBXFileReference; lastKnownFileType = sourcecode.swift; path = PageView.swift; sourceTree = "<group>"; };
/* End PBXFileReference section */

/* Begin PBXFrameworksBuildPhase section */
		813C0B6B268E452E002D50E1 /* Frameworks */ = {
			isa = PBXFrameworksBuildPhase;
			buildActionMask = 2147483647;
			files = (
			);
			runOnlyForDeploymentPostprocessing = 0;
		};
		815683BE26A8CF06008DC0F6 /* Frameworks */ = {
			isa = PBXFrameworksBuildPhase;
			buildActionMask = 2147483647;
			files = (
			);
			runOnlyForDeploymentPostprocessing = 0;
		};
/* End PBXFrameworksBuildPhase section */

/* Begin PBXGroup section */
		813C0B65268E452E002D50E1 = {
			isa = PBXGroup;
			children = (
				813C0B70268E452E002D50E1 /* Landmarks */,
				815683B926A8CF03008DC0F6 /* WatchLandmarks */,
				815683C526A8CF06008DC0F6 /* WatchLandmarks Extension */,
				813C0B6F268E452E002D50E1 /* Products */,
			);
			sourceTree = "<group>";
		};
		813C0B6F268E452E002D50E1 /* Products */ = {
			isa = PBXGroup;
			children = (
				813C0B6E268E452E002D50E1 /* Landmarks.app */,
				815683B826A8CF03008DC0F6 /* WatchLandmarks.app */,
				815683C126A8CF06008DC0F6 /* WatchLandmarks Extension.appex */,
			);
			name = Products;
			sourceTree = "<group>";
		};
		813C0B70268E452E002D50E1 /* Landmarks */ = {
			isa = PBXGroup;
			children = (
				813C0B8C268E9AC9002D50E1 /* Model */,
				813C0B8B268E9AB7002D50E1 /* Resources */,
				813C0B8A268E9AB0002D50E1 /* Views */,
				813C0B71268E452E002D50E1 /* LandmarksApp.swift */,
				813C0B75268E4533002D50E1 /* Assets.xcassets */,
				813C0B7A268E4534002D50E1 /* Info.plist */,
				813C0B77268E4534002D50E1 /* Preview Content */,
			);
			path = Landmarks;
			sourceTree = "<group>";
		};
		813C0B77268E4534002D50E1 /* Preview Content */ = {
			isa = PBXGroup;
			children = (
				813C0B78268E4534002D50E1 /* Preview Assets.xcassets */,
			);
			path = "Preview Content";
			sourceTree = "<group>";
		};
		813C0B8A268E9AB0002D50E1 /* Views */ = {
			isa = PBXGroup;
			children = (
				81CBBF6D26A62F440007992E /* Categories */,
				81CBBF5F26A6002C0007992E /* Badges */,
				81CBBF532697868E0007992E /* Helpers */,
				81CBBF6426A60A2E0007992E /* Hikes */,
				81CBBF54269786A40007992E /* Landmarks */,
				81D8181C26A7833200C53938 /* PageView */,
				81CBBF7626A646860007992E /* Profiles */,
				813C0B73268E452E002D50E1 /* ContentView.swift */,
			);
			path = Views;
			sourceTree = "<group>";
		};
		813C0B8B268E9AB7002D50E1 /* Resources */ = {
			isa = PBXGroup;
			children = (
				81CBBF6026A607B70007992E /* hikeData.json */,
				813C0B84268E8775002D50E1 /* landmarkData.json */,
			);
			path = Resources;
			sourceTree = "<group>";
		};
		813C0B8C268E9AC9002D50E1 /* Model */ = {
			isa = PBXGroup;
			children = (
				81CBBF6226A607E50007992E /* Hike.swift */,
				813C0B86268E87B2002D50E1 /* Landmark.swift */,
				813C0B88268E89D6002D50E1 /* ModelData.swift */,
				81CBBF7426A645B30007992E /* Profile.swift */,
			);
			path = Model;
			sourceTree = "<group>";
		};
		815683B926A8CF03008DC0F6 /* WatchLandmarks */ = {
			isa = PBXGroup;
			children = (
				815683BA26A8CF06008DC0F6 /* Assets.xcassets */,
				815683BC26A8CF06008DC0F6 /* Info.plist */,
			);
			path = WatchLandmarks;
			sourceTree = "<group>";
		};
		815683C526A8CF06008DC0F6 /* WatchLandmarks Extension */ = {
			isa = PBXGroup;
			children = (
				815683C626A8CF06008DC0F6 /* LandmarksApp.swift */,
				815683C826A8CF06008DC0F6 /* ContentView.swift */,
				815683CA26A8CF06008DC0F6 /* NotificationController.swift */,
				815683CC26A8CF06008DC0F6 /* NotificationView.swift */,
				815683CE26A8CF06008DC0F6 /* ComplicationController.swift */,
				815683D026A8CF07008DC0F6 /* Assets.xcassets */,
				815683D526A8CF07008DC0F6 /* Info.plist */,
				815683D626A8CF07008DC0F6 /* PushNotificationPayload.apns */,
				815683D226A8CF07008DC0F6 /* Preview Content */,
			);
			path = "WatchLandmarks Extension";
			sourceTree = "<group>";
		};
		815683D226A8CF07008DC0F6 /* Preview Content */ = {
			isa = PBXGroup;
			children = (
				815683D326A8CF07008DC0F6 /* Preview Assets.xcassets */,
			);
			path = "Preview Content";
			sourceTree = "<group>";
		};
		81CBBF532697868E0007992E /* Helpers */ = {
			isa = PBXGroup;
			children = (
				813C0B80268E4D08002D50E1 /* CircleImage.swift */,
				81CBBF51269785420007992E /* FavoriteButton.swift */,
				813C0B82268E4F5D002D50E1 /* MapView.swift */,
			);
			path = Helpers;
			sourceTree = "<group>";
		};
		81CBBF54269786A40007992E /* Landmarks */ = {
			isa = PBXGroup;
			children = (
				813C0B8F268E9D8A002D50E1 /* LandmarksList.swift */,
				813C0B8D268E9B27002D50E1 /* LandmarkRow.swift */,
				813C0B91268E9F0F002D50E1 /* LandmarkDetail.swift */,
			);
			path = Landmarks;
			sourceTree = "<group>";
		};
		81CBBF5F26A6002C0007992E /* Badges */ = {
			isa = PBXGroup;
			children = (
				81CBBF552697D1D20007992E /* HexagonParameters.swift */,
				81CBBF572697D3AA0007992E /* BadgeBackground.swift */,
				81CBBF592697DAF80007992E /* BadgeSymbol.swift */,
				81CBBF5B26A5FC370007992E /* RotatedBadgeSymbol.swift */,
				81CBBF5D26A5FDF70007992E /* Badge.swift */,
				81CBBF7E26A649300007992E /* HikeBadge.swift */,
			);
			path = Badges;
			sourceTree = "<group>";
		};
		81CBBF6426A60A2E0007992E /* Hikes */ = {
			isa = PBXGroup;
			children = (
				81CBBF6526A60A2E0007992E /* GraphCapsule.swift */,
				81CBBF6626A60A2E0007992E /* HikeGraph.swift */,
				81CBBF6726A60A2E0007992E /* HikeDetail.swift */,
				81CBBF6826A60A2E0007992E /* HikeView.swift */,
			);
			path = Hikes;
			sourceTree = "<group>";
		};
		81CBBF6D26A62F440007992E /* Categories */ = {
			isa = PBXGroup;
			children = (
				81CBBF6E26A62F6B0007992E /* CategoryHome.swift */,
				81CBBF7026A6354D0007992E /* CategoryRow.swift */,
				81CBBF7226A637500007992E /* CategoryItem.swift */,
			);
			path = Categories;
			sourceTree = "<group>";
		};
		81CBBF7626A646860007992E /* Profiles */ = {
			isa = PBXGroup;
			children = (
				81CBBF7726A646A10007992E /* ProfileHost.swift */,
				81CBBF7A26A6477C0007992E /* ProfileSummary.swift */,
				81D8181A26A76C6800C53938 /* ProfileEditor.swift */,
			);
			path = Profiles;
			sourceTree = "<group>";
		};
		81D8181C26A7833200C53938 /* PageView */ = {
			isa = PBXGroup;
			children = (
				81D8182126A786DA00C53938 /* FeatureCard.swift */,
				81D8181D26A7835100C53938 /* PageViewController.swift */,
				81D8182326A7899200C53938 /* PageView.swift */,
				815683B426A8BB48008DC0F6 /* PageControl.swift */,
			);
			path = PageView;
			sourceTree = "<group>";
		};
/* End PBXGroup section */

/* Begin PBXNativeTarget section */
		813C0B6D268E452E002D50E1 /* Landmarks */ = {
			isa = PBXNativeTarget;
			buildConfigurationList = 813C0B7D268E4534002D50E1 /* Build configuration list for PBXNativeTarget "Landmarks" */;
			buildPhases = (
				813C0B6A268E452E002D50E1 /* Sources */,
				813C0B6B268E452E002D50E1 /* Frameworks */,
				813C0B6C268E452E002D50E1 /* Resources */,
				815683E126A8CF07008DC0F6 /* Embed Watch Content */,
			);
			buildRules = (
			);
			dependencies = (
				815683D826A8CF07008DC0F6 /* PBXTargetDependency */,
			);
			name = Landmarks;
			productName = Landmarks;
			productReference = 813C0B6E268E452E002D50E1 /* Landmarks.app */;
			productType = "com.apple.product-type.application";
		};
		815683B726A8CF03008DC0F6 /* WatchLandmarks */ = {
			isa = PBXNativeTarget;
			buildConfigurationList = 815683DE26A8CF07008DC0F6 /* Build configuration list for PBXNativeTarget "WatchLandmarks" */;
			buildPhases = (
				815683B626A8CF03008DC0F6 /* Resources */,
				815683DD26A8CF07008DC0F6 /* Embed App Extensions */,
			);
			buildRules = (
			);
			dependencies = (
				815683C426A8CF06008DC0F6 /* PBXTargetDependency */,
			);
			name = WatchLandmarks;
			productName = WatchLandmarks;
			productReference = 815683B826A8CF03008DC0F6 /* WatchLandmarks.app */;
			productType = "com.apple.product-type.application.watchapp2";
		};
		815683C026A8CF06008DC0F6 /* WatchLandmarks Extension */ = {
			isa = PBXNativeTarget;
			buildConfigurationList = 815683DA26A8CF07008DC0F6 /* Build configuration list for PBXNativeTarget "WatchLandmarks Extension" */;
			buildPhases = (
				815683BD26A8CF06008DC0F6 /* Sources */,
				815683BE26A8CF06008DC0F6 /* Frameworks */,
				815683BF26A8CF06008DC0F6 /* Resources */,
			);
			buildRules = (
			);
			dependencies = (
			);
			name = "WatchLandmarks Extension";
			productName = "WatchLandmarks Extension";
			productReference = 815683C126A8CF06008DC0F6 /* WatchLandmarks Extension.appex */;
			productType = "com.apple.product-type.watchkit2-extension";
		};
/* End PBXNativeTarget section */

/* Begin PBXProject section */
		813C0B66268E452E002D50E1 /* Project object */ = {
			isa = PBXProject;
			attributes = {
				LastSwiftUpdateCheck = 1250;
				LastUpgradeCheck = 1250;
				TargetAttributes = {
					813C0B6D268E452E002D50E1 = {
						CreatedOnToolsVersion = 12.5.1;
					};
					815683B726A8CF03008DC0F6 = {
						CreatedOnToolsVersion = 12.5.1;
					};
					815683C026A8CF06008DC0F6 = {
						CreatedOnToolsVersion = 12.5.1;
					};
				};
			};
			buildConfigurationList = 813C0B69268E452E002D50E1 /* Build configuration list for PBXProject "Landmarks" */;
			compatibilityVersion = "Xcode 9.3";
			developmentRegion = en;
			hasScannedForEncodings = 0;
			knownRegions = (
				en,
				Base,
			);
			mainGroup = 813C0B65268E452E002D50E1;
			productRefGroup = 813C0B6F268E452E002D50E1 /* Products */;
			projectDirPath = "";
			projectRoot = "";
			targets = (
				813C0B6D268E452E002D50E1 /* Landmarks */,
				815683B726A8CF03008DC0F6 /* WatchLandmarks */,
				815683C026A8CF06008DC0F6 /* WatchLandmarks Extension */,
			);
		};
/* End PBXProject section */

/* Begin PBXResourcesBuildPhase section */
		813C0B6C268E452E002D50E1 /* Resources */ = {
			isa = PBXResourcesBuildPhase;
			buildActionMask = 2147483647;
			files = (
				81CBBF6126A607B70007992E /* hikeData.json in Resources */,
				813C0B79268E4534002D50E1 /* Preview Assets.xcassets in Resources */,
				813C0B76268E4533002D50E1 /* Assets.xcassets in Resources */,
				813C0B85268E8775002D50E1 /* landmarkData.json in Resources */,
			);
			runOnlyForDeploymentPostprocessing = 0;
		};
		815683B626A8CF03008DC0F6 /* Resources */ = {
			isa = PBXResourcesBuildPhase;
			buildActionMask = 2147483647;
			files = (
				815683BB26A8CF06008DC0F6 /* Assets.xcassets in Resources */,
			);
			runOnlyForDeploymentPostprocessing = 0;
		};
		815683BF26A8CF06008DC0F6 /* Resources */ = {
			isa = PBXResourcesBuildPhase;
			buildActionMask = 2147483647;
			files = (
				815683D426A8CF07008DC0F6 /* Preview Assets.xcassets in Resources */,
				815683D126A8CF07008DC0F6 /* Assets.xcassets in Resources */,
			);
			runOnlyForDeploymentPostprocessing = 0;
		};
/* End PBXResourcesBuildPhase section */

/* Begin PBXSourcesBuildPhase section */
		813C0B6A268E452E002D50E1 /* Sources */ = {
			isa = PBXSourcesBuildPhase;
			buildActionMask = 2147483647;
			files = (
				81CBBF7126A6354D0007992E /* CategoryRow.swift in Sources */,
				81CBBF7526A645B30007992E /* Profile.swift in Sources */,
				813C0B74268E452E002D50E1 /* ContentView.swift in Sources */,
				81CBBF6F26A62F6B0007992E /* CategoryHome.swift in Sources */,
				81D8182226A786DA00C53938 /* FeatureCard.swift in Sources */,
				81CBBF6A26A60A2E0007992E /* HikeGraph.swift in Sources */,
				81CBBF5E26A5FDF70007992E /* Badge.swift in Sources */,
				813C0B83268E4F5D002D50E1 /* MapView.swift in Sources */,
				81CBBF6926A60A2E0007992E /* GraphCapsule.swift in Sources */,
				81CBBF6326A607E50007992E /* Hike.swift in Sources */,
				813C0B72268E452E002D50E1 /* LandmarksApp.swift in Sources */,
				81CBBF7326A637500007992E /* CategoryItem.swift in Sources */,
				81CBBF6B26A60A2E0007992E /* HikeDetail.swift in Sources */,
				81CBBF7B26A6477C0007992E /* ProfileSummary.swift in Sources */,
				81CBBF52269785420007992E /* FavoriteButton.swift in Sources */,
				81CBBF7826A646A10007992E /* ProfileHost.swift in Sources */,
				815683B526A8BB48008DC0F6 /* PageControl.swift in Sources */,
				81CBBF562697D1D20007992E /* HexagonParameters.swift in Sources */,
				81CBBF5C26A5FC370007992E /* RotatedBadgeSymbol.swift in Sources */,
				81D8182426A7899200C53938 /* PageView.swift in Sources */,
				81CBBF5A2697DAF80007992E /* BadgeSymbol.swift in Sources */,
				81D8181B26A76C6900C53938 /* ProfileEditor.swift in Sources */,
				813C0B81268E4D08002D50E1 /* CircleImage.swift in Sources */,
				81CBBF6C26A60A2E0007992E /* HikeView.swift in Sources */,
				813C0B92268E9F0F002D50E1 /* LandmarkDetail.swift in Sources */,
				81D8181E26A7835300C53938 /* PageViewController.swift in Sources */,
				81CBBF582697D3AA0007992E /* BadgeBackground.swift in Sources */,
				81CBBF7F26A649300007992E /* HikeBadge.swift in Sources */,
				813C0B87268E87B2002D50E1 /* Landmark.swift in Sources */,
				813C0B8E268E9B27002D50E1 /* LandmarkRow.swift in Sources */,
				813C0B89268E89D6002D50E1 /* ModelData.swift in Sources */,
				813C0B90268E9D8A002D50E1 /* LandmarksList.swift in Sources */,
			);
			runOnlyForDeploymentPostprocessing = 0;
		};
		815683BD26A8CF06008DC0F6 /* Sources */ = {
			isa = PBXSourcesBuildPhase;
			buildActionMask = 2147483647;
			files = (
				815683CB26A8CF06008DC0F6 /* NotificationController.swift in Sources */,
				815683C926A8CF06008DC0F6 /* ContentView.swift in Sources */,
				815683CF26A8CF06008DC0F6 /* ComplicationController.swift in Sources */,
				815683C726A8CF06008DC0F6 /* LandmarksApp.swift in Sources */,
				815683CD26A8CF06008DC0F6 /* NotificationView.swift in Sources */,
			);
			runOnlyForDeploymentPostprocessing = 0;
		};
/* End PBXSourcesBuildPhase section */

/* Begin PBXTargetDependency section */
		815683C426A8CF06008DC0F6 /* PBXTargetDependency */ = {
			isa = PBXTargetDependency;
			target = 815683C026A8CF06008DC0F6 /* WatchLandmarks Extension */;
			targetProxy = 815683C326A8CF06008DC0F6 /* PBXContainerItemProxy */;
		};
		815683D826A8CF07008DC0F6 /* PBXTargetDependency */ = {
			isa = PBXTargetDependency;
			target = 815683B726A8CF03008DC0F6 /* WatchLandmarks */;
			targetProxy = 815683D726A8CF07008DC0F6 /* PBXContainerItemProxy */;
		};
/* End PBXTargetDependency section */

/* Begin XCBuildConfiguration section */
		813C0B7B268E4534002D50E1 /* Debug */ = {
			isa = XCBuildConfiguration;
			buildSettings = {
				ALWAYS_SEARCH_USER_PATHS = NO;
				CLANG_ANALYZER_NONNULL = YES;
				CLANG_ANALYZER_NUMBER_OBJECT_CONVERSION = YES_AGGRESSIVE;
				CLANG_CXX_LANGUAGE_STANDARD = "gnu++14";
				CLANG_CXX_LIBRARY = "libc++";
				CLANG_ENABLE_MODULES = YES;
				CLANG_ENABLE_OBJC_ARC = YES;
				CLANG_ENABLE_OBJC_WEAK = YES;
				CLANG_WARN_BLOCK_CAPTURE_AUTORELEASING = YES;
				CLANG_WARN_BOOL_CONVERSION = YES;
				CLANG_WARN_COMMA = YES;
				CLANG_WARN_CONSTANT_CONVERSION = YES;
				CLANG_WARN_DEPRECATED_OBJC_IMPLEMENTATIONS = YES;
				CLANG_WARN_DIRECT_OBJC_ISA_USAGE = YES_ERROR;
				CLANG_WARN_DOCUMENTATION_COMMENTS = YES;
				CLANG_WARN_EMPTY_BODY = YES;
				CLANG_WARN_ENUM_CONVERSION = YES;
				CLANG_WARN_INFINITE_RECURSION = YES;
				CLANG_WARN_INT_CONVERSION = YES;
				CLANG_WARN_NON_LITERAL_NULL_CONVERSION = YES;
				CLANG_WARN_OBJC_IMPLICIT_RETAIN_SELF = YES;
				CLANG_WARN_OBJC_LITERAL_CONVERSION = YES;
				CLANG_WARN_OBJC_ROOT_CLASS = YES_ERROR;
				CLANG_WARN_QUOTED_INCLUDE_IN_FRAMEWORK_HEADER = YES;
				CLANG_WARN_RANGE_LOOP_ANALYSIS = YES;
				CLANG_WARN_STRICT_PROTOTYPES = YES;
				CLANG_WARN_SUSPICIOUS_MOVE = YES;
				CLANG_WARN_UNGUARDED_AVAILABILITY = YES_AGGRESSIVE;
				CLANG_WARN_UNREACHABLE_CODE = YES;
				CLANG_WARN__DUPLICATE_METHOD_MATCH = YES;
				COPY_PHASE_STRIP = NO;
				DEBUG_INFORMATION_FORMAT = dwarf;
				ENABLE_STRICT_OBJC_MSGSEND = YES;
				ENABLE_TESTABILITY = YES;
				GCC_C_LANGUAGE_STANDARD = gnu11;
				GCC_DYNAMIC_NO_PIC = NO;
				GCC_NO_COMMON_BLOCKS = YES;
				GCC_OPTIMIZATION_LEVEL = 0;
				GCC_PREPROCESSOR_DEFINITIONS = (
					"DEBUG=1",
					"$(inherited)",
				);
				GCC_WARN_64_TO_32_BIT_CONVERSION = YES;
				GCC_WARN_ABOUT_RETURN_TYPE = YES_ERROR;
				GCC_WARN_UNDECLARED_SELECTOR = YES;
				GCC_WARN_UNINITIALIZED_AUTOS = YES_AGGRESSIVE;
				GCC_WARN_UNUSED_FUNCTION = YES;
				GCC_WARN_UNUSED_VARIABLE = YES;
				IPHONEOS_DEPLOYMENT_TARGET = 14.5;
				MTL_ENABLE_DEBUG_INFO = INCLUDE_SOURCE;
				MTL_FAST_MATH = YES;
				ONLY_ACTIVE_ARCH = YES;
				SDKROOT = iphoneos;
				SWIFT_ACTIVE_COMPILATION_CONDITIONS = DEBUG;
				SWIFT_OPTIMIZATION_LEVEL = "-Onone";
			};
			name = Debug;
		};
		813C0B7C268E4534002D50E1 /* Release */ = {
			isa = XCBuildConfiguration;
			buildSettings = {
				ALWAYS_SEARCH_USER_PATHS = NO;
				CLANG_ANALYZER_NONNULL = YES;
				CLANG_ANALYZER_NUMBER_OBJECT_CONVERSION = YES_AGGRESSIVE;
				CLANG_CXX_LANGUAGE_STANDARD = "gnu++14";
				CLANG_CXX_LIBRARY = "libc++";
				CLANG_ENABLE_MODULES = YES;
				CLANG_ENABLE_OBJC_ARC = YES;
				CLANG_ENABLE_OBJC_WEAK = YES;
				CLANG_WARN_BLOCK_CAPTURE_AUTORELEASING = YES;
				CLANG_WARN_BOOL_CONVERSION = YES;
				CLANG_WARN_COMMA = YES;
				CLANG_WARN_CONSTANT_CONVERSION = YES;
				CLANG_WARN_DEPRECATED_OBJC_IMPLEMENTATIONS = YES;
				CLANG_WARN_DIRECT_OBJC_ISA_USAGE = YES_ERROR;
				CLANG_WARN_DOCUMENTATION_COMMENTS = YES;
				CLANG_WARN_EMPTY_BODY = YES;
				CLANG_WARN_ENUM_CONVERSION = YES;
				CLANG_WARN_INFINITE_RECURSION = YES;
				CLANG_WARN_INT_CONVERSION = YES;
				CLANG_WARN_NON_LITERAL_NULL_CONVERSION = YES;
				CLANG_WARN_OBJC_IMPLICIT_RETAIN_SELF = YES;
				CLANG_WARN_OBJC_LITERAL_CONVERSION = YES;
				CLANG_WARN_OBJC_ROOT_CLASS = YES_ERROR;
				CLANG_WARN_QUOTED_INCLUDE_IN_FRAMEWORK_HEADER = YES;
				CLANG_WARN_RANGE_LOOP_ANALYSIS = YES;
				CLANG_WARN_STRICT_PROTOTYPES = YES;
				CLANG_WARN_SUSPICIOUS_MOVE = YES;
				CLANG_WARN_UNGUARDED_AVAILABILITY = YES_AGGRESSIVE;
				CLANG_WARN_UNREACHABLE_CODE = YES;
				CLANG_WARN__DUPLICATE_METHOD_MATCH = YES;
				COPY_PHASE_STRIP = NO;
				DEBUG_INFORMATION_FORMAT = "dwarf-with-dsym";
				ENABLE_NS_ASSERTIONS = NO;
				ENABLE_STRICT_OBJC_MSGSEND = YES;
				GCC_C_LANGUAGE_STANDARD = gnu11;
				GCC_NO_COMMON_BLOCKS = YES;
				GCC_WARN_64_TO_32_BIT_CONVERSION = YES;
				GCC_WARN_ABOUT_RETURN_TYPE = YES_ERROR;
				GCC_WARN_UNDECLARED_SELECTOR = YES;
				GCC_WARN_UNINITIALIZED_AUTOS = YES_AGGRESSIVE;
				GCC_WARN_UNUSED_FUNCTION = YES;
				GCC_WARN_UNUSED_VARIABLE = YES;
				IPHONEOS_DEPLOYMENT_TARGET = 14.5;
				MTL_ENABLE_DEBUG_INFO = NO;
				MTL_FAST_MATH = YES;
				SDKROOT = iphoneos;
				SWIFT_COMPILATION_MODE = wholemodule;
				SWIFT_OPTIMIZATION_LEVEL = "-O";
				VALIDATE_PRODUCT = YES;
			};
			name = Release;
		};
		813C0B7E268E4534002D50E1 /* Debug */ = {
			isa = XCBuildConfiguration;
			buildSettings = {
				ASSETCATALOG_COMPILER_APPICON_NAME = AppIcon;
				ASSETCATALOG_COMPILER_GLOBAL_ACCENT_COLOR_NAME = AccentColor;
				CODE_SIGN_STYLE = Automatic;
				DEVELOPMENT_ASSET_PATHS = "\"Landmarks/Preview Content\"";
				DEVELOPMENT_TEAM = YT93JTKT62;
				ENABLE_PREVIEWS = YES;
				INFOPLIST_FILE = Landmarks/Info.plist;
				IPHONEOS_DEPLOYMENT_TARGET = 14.0;
				LD_RUNPATH_SEARCH_PATHS = (
					"$(inherited)",
					"@executable_path/Frameworks",
				);
				PRODUCT_BUNDLE_IDENTIFIER = com.group6.Landmarks;
				PRODUCT_NAME = "$(TARGET_NAME)";
				SWIFT_VERSION = 5.0;
				TARGETED_DEVICE_FAMILY = "1,2";
			};
			name = Debug;
		};
		813C0B7F268E4534002D50E1 /* Release */ = {
			isa = XCBuildConfiguration;
			buildSettings = {
				ASSETCATALOG_COMPILER_APPICON_NAME = AppIcon;
				ASSETCATALOG_COMPILER_GLOBAL_ACCENT_COLOR_NAME = AccentColor;
				CODE_SIGN_STYLE = Automatic;
				DEVELOPMENT_ASSET_PATHS = "\"Landmarks/Preview Content\"";
				DEVELOPMENT_TEAM = YT93JTKT62;
				ENABLE_PREVIEWS = YES;
				INFOPLIST_FILE = Landmarks/Info.plist;
				IPHONEOS_DEPLOYMENT_TARGET = 14.0;
				LD_RUNPATH_SEARCH_PATHS = (
					"$(inherited)",
					"@executable_path/Frameworks",
				);
				PRODUCT_BUNDLE_IDENTIFIER = com.group6.Landmarks;
				PRODUCT_NAME = "$(TARGET_NAME)";
				SWIFT_VERSION = 5.0;
				TARGETED_DEVICE_FAMILY = "1,2";
			};
			name = Release;
		};
		815683DB26A8CF07008DC0F6 /* Debug */ = {
			isa = XCBuildConfiguration;
			buildSettings = {
				ASSETCATALOG_COMPILER_COMPLICATION_NAME = Complication;
				CODE_SIGN_STYLE = Automatic;
				DEVELOPMENT_ASSET_PATHS = "\"WatchLandmarks Extension/Preview Content\"";
				DEVELOPMENT_TEAM = YT93JTKT62;
				ENABLE_PREVIEWS = YES;
				INFOPLIST_FILE = "WatchLandmarks Extension/Info.plist";
				LD_RUNPATH_SEARCH_PATHS = (
					"$(inherited)",
					"@executable_path/Frameworks",
					"@executable_path/../../Frameworks",
				);
				PRODUCT_BUNDLE_IDENTIFIER = com.group6.Landmarks.watchkitapp.watchkitextension;
				PRODUCT_NAME = "${TARGET_NAME}";
				SDKROOT = watchos;
				SKIP_INSTALL = YES;
				SWIFT_VERSION = 5.0;
				TARGETED_DEVICE_FAMILY = 4;
				WATCHOS_DEPLOYMENT_TARGET = 7.4;
			};
			name = Debug;
		};
		815683DC26A8CF07008DC0F6 /* Release */ = {
			isa = XCBuildConfiguration;
			buildSettings = {
				ASSETCATALOG_COMPILER_COMPLICATION_NAME = Complication;
				CODE_SIGN_STYLE = Automatic;
				DEVELOPMENT_ASSET_PATHS = "\"WatchLandmarks Extension/Preview Content\"";
				DEVELOPMENT_TEAM = YT93JTKT62;
				ENABLE_PREVIEWS = YES;
				INFOPLIST_FILE = "WatchLandmarks Extension/Info.plist";
				LD_RUNPATH_SEARCH_PATHS = (
					"$(inherited)",
					"@executable_path/Frameworks",
					"@executable_path/../../Frameworks",
				);
				PRODUCT_BUNDLE_IDENTIFIER = com.group6.Landmarks.watchkitapp.watchkitextension;
				PRODUCT_NAME = "${TARGET_NAME}";
				SDKROOT = watchos;
				SKIP_INSTALL = YES;
				SWIFT_VERSION = 5.0;
				TARGETED_DEVICE_FAMILY = 4;
				WATCHOS_DEPLOYMENT_TARGET = 7.4;
			};
			name = Release;
		};
		815683DF26A8CF07008DC0F6 /* Debug */ = {
			isa = XCBuildConfiguration;
			buildSettings = {
				ALWAYS_EMBED_SWIFT_STANDARD_LIBRARIES = YES;
				ASSETCATALOG_COMPILER_APPICON_NAME = AppIcon;
				ASSETCATALOG_COMPILER_GLOBAL_ACCENT_COLOR_NAME = AccentColor;
				CODE_SIGN_STYLE = Automatic;
				DEVELOPMENT_TEAM = YT93JTKT62;
				IBSC_MODULE = WatchLandmarks_Extension;
				INFOPLIST_FILE = WatchLandmarks/Info.plist;
				PRODUCT_BUNDLE_IDENTIFIER = com.group6.Landmarks.watchkitapp;
				PRODUCT_NAME = "$(TARGET_NAME)";
				SDKROOT = watchos;
				SKIP_INSTALL = YES;
				SWIFT_VERSION = 5.0;
				TARGETED_DEVICE_FAMILY = 4;
				WATCHOS_DEPLOYMENT_TARGET = 7.4;
			};
			name = Debug;
		};
		815683E026A8CF07008DC0F6 /* Release */ = {
			isa = XCBuildConfiguration;
			buildSettings = {
				ALWAYS_EMBED_SWIFT_STANDARD_LIBRARIES = YES;
				ASSETCATALOG_COMPILER_APPICON_NAME = AppIcon;
				ASSETCATALOG_COMPILER_GLOBAL_ACCENT_COLOR_NAME = AccentColor;
				CODE_SIGN_STYLE = Automatic;
				DEVELOPMENT_TEAM = YT93JTKT62;
				IBSC_MODULE = WatchLandmarks_Extension;
				INFOPLIST_FILE = WatchLandmarks/Info.plist;
				PRODUCT_BUNDLE_IDENTIFIER = com.group6.Landmarks.watchkitapp;
				PRODUCT_NAME = "$(TARGET_NAME)";
				SDKROOT = watchos;
				SKIP_INSTALL = YES;
				SWIFT_VERSION = 5.0;
				TARGETED_DEVICE_FAMILY = 4;
				WATCHOS_DEPLOYMENT_TARGET = 7.4;
			};
			name = Release;
		};
/* End XCBuildConfiguration section */

/* Begin XCConfigurationList section */
		813C0B69268E452E002D50E1 /* Build configuration list for PBXProject "Landmarks" */ = {
			isa = XCConfigurationList;
			buildConfigurations = (
				813C0B7B268E4534002D50E1 /* Debug */,
				813C0B7C268E4534002D50E1 /* Release */,
			);
			defaultConfigurationIsVisible = 0;
			defaultConfigurationName = Release;
		};
		813C0B7D268E4534002D50E1 /* Build configuration list for PBXNativeTarget "Landmarks" */ = {
			isa = XCConfigurationList;
			buildConfigurations = (
				813C0B7E268E4534002D50E1 /* Debug */,
				813C0B7F268E4534002D50E1 /* Release */,
			);
			defaultConfigurationIsVisible = 0;
			defaultConfigurationName = Release;
		};
		815683DA26A8CF07008DC0F6 /* Build configuration list for PBXNativeTarget "WatchLandmarks Extension" */ = {
			isa = XCConfigurationList;
			buildConfigurations = (
				815683DB26A8CF07008DC0F6 /* Debug */,
				815683DC26A8CF07008DC0F6 /* Release */,
			);
			defaultConfigurationIsVisible = 0;
			defaultConfigurationName = Release;
		};
		815683DE26A8CF07008DC0F6 /* Build configuration list for PBXNativeTarget "WatchLandmarks" */ = {
			isa = XCConfigurationList;
			buildConfigurations = (
				815683DF26A8CF07008DC0F6 /* Debug */,
				815683E026A8CF07008DC0F6 /* Release */,
			);
			defaultConfigurationIsVisible = 0;
			defaultConfigurationName = Release;
		};
/* End XCConfigurationList section */
	};
	rootObject = 813C0B66268E452E002D50E1 /* Project object */;
}
